
Microsoft Visual Studio Solution File, Format Version 12.00
# Visual Studio 15
VisualStudioVersion = 15.0.28307.489
MinimumVisualStudioVersion = 10.0.40219.1
Project("{8BC9CEB8-8B4A-11D0-8D11-00A0C91BC942}") = "timetable", "timetable\timetable.vcxproj", "{41F32563-9FA1-4FBB-8AFF-60BB51D897DA}"
EndProject
Global
	GlobalSection(SolutionConfigurationPlatforms) = preSolution
		Debug|x64 = Debug|x64
		Debug|x86 = Debug|x86
		Release|x64 = Release|x64
		Release|x86 = Release|x86
	EndGlobalSection
	GlobalSection(ProjectConfigurationPlatforms) = postSolution
		{41F32563-9FA1-4FBB-8AFF-60BB51D897DA}.Debug|x64.ActiveCfg = Debug|x64
		{41F32563-9FA1-4FBB-8AFF-60BB51D897DA}.Debug|x64.Build.0 = Debug|x64
		{41F32563-9FA1-4FBB-8AFF-60BB51D897DA}.Debug|x86.ActiveCfg = Debug|Win32
		{41F32563-9FA1-4FBB-8AFF-60BB51D897DA}.Debug|x86.Build.0 = Debug|Win32
		{41F32563-9FA1-4FBB-8AFF-60BB51D897DA}.Release|x64.ActiveCfg = Release|x64
		{41F32563-9FA1-4FBB-8AFF-60BB51D897DA}.Release|x64.Build.0 = Release|x64
		{41F32563-9FA1-4FBB-8AFF-60BB51D897DA}.Release|x86.ActiveCfg = Release|Win32
		{41F32563-9FA1-4FBB-8AFF-60BB51D897DA}.Release|x86.Build.0 = Release|Win32
	EndGlobalSection
	GlobalSection(SolutionProperties) = preSolution
		HideSolutionNode = FALSE
	EndGlobalSection
	GlobalSection(ExtensibilityGlobals) = postSolution
		SolutionGuid = {06FA0AA9-EE6A-4DB4-8DE7-4E2DED938B52}
	EndGlobalSection
EndGlobal
